
Microsoft Visual Studio Solution File, Format Version 12.00
# Visual Studio 15
VisualStudioVersion = 15.0.26730.12
MinimumVisualStudioVersion = 10.0.40219.1
Project("{2150E333-8FDC-42A3-9474-1A3956D46DE8}") = "Solution Items", "Solution Items", "{8950FA45-4F13-42FE-B32D-736C1426E0EF}"
	ProjectSection(SolutionItems) = preProject
		readme.md = readme.md
	EndProjectSection
EndProject
Project("{2150E333-8FDC-42A3-9474-1A3956D46DE8}") = "NWebDAV", "NWebDAV", "{BDE6F8E2-9F7F-4ADF-8972-4589485E3FCB}"
EndProject
Project("{9A19103F-16F7-4668-BE54-9A1E7A4F7556}") = "MailRuCloudApi", "MailRuCloudApi\MailRuCloudApi.csproj", "{B9238166-0CEC-45F2-AFA2-CAA8F7EBA067}"
EndProject
Project("{FAE04EC0-301F-11D3-BF4B-00C04F79EFBC}") = "WebDavMailRuCloudStore", "WebDavMailRuCloudStore\WebDavMailRuCloudStore.csproj", "{DBA33EF9-3F32-4EC9-ABE0-8D377DEA87E1}"
EndProject
Project("{FAE04EC0-301F-11D3-BF4B-00C04F79EFBC}") = "WDMRC.Console", "WDMRC.Console\WDMRC.Console.csproj", "{06970A38-9602-4A7A-885E-EC0EA3422F5A}"
EndProject
Project("{FAE04EC0-301F-11D3-BF4B-00C04F79EFBC}") = "MailRuCloudApi.TwoFA", "MailRuCloudApi.TwoFA\MailRuCloudApi.TwoFA.csproj", "{52F89731-C80A-4D0D-ADA2-8C65F1A8997F}"
EndProject
Project("{FAE04EC0-301F-11D3-BF4B-00C04F79EFBC}") = "NWebDav.Server.HttpListener", "NWebDav\NWebDav.Server.HttpListener\NWebDav.Server.HttpListener.csproj", "{304D6DB3-D47E-40D1-9AAC-2B33AC82B44D}"
EndProject
Project("{FAE04EC0-301F-11D3-BF4B-00C04F79EFBC}") = "NWebDav.Server", "NWebDav\NWebDav.Server\NWebDav.Server.csproj", "{F0E2D22B-D913-422F-B409-A9A8611CB0D3}"
EndProject
Global
	GlobalSection(SolutionConfigurationPlatforms) = preSolution
		Debug|Any CPU = Debug|Any CPU
		Debug|ARM = Debug|ARM
		Debug|x64 = Debug|x64
		Debug|x86 = Debug|x86
		Release|Any CPU = Release|Any CPU
		Release|ARM = Release|ARM
		Release|x64 = Release|x64
		Release|x86 = Release|x86
		ReleaseBinaries|Any CPU = ReleaseBinaries|Any CPU
		ReleaseBinaries|ARM = ReleaseBinaries|ARM
		ReleaseBinaries|x64 = ReleaseBinaries|x64
		ReleaseBinaries|x86 = ReleaseBinaries|x86
	EndGlobalSection
	GlobalSection(ProjectConfigurationPlatforms) = postSolution
		{B9238166-0CEC-45F2-AFA2-CAA8F7EBA067}.Debug|Any CPU.ActiveCfg = Debug|Any CPU
		{B9238166-0CEC-45F2-AFA2-CAA8F7EBA067}.Debug|Any CPU.Build.0 = Debug|Any CPU
		{B9238166-0CEC-45F2-AFA2-CAA8F7EBA067}.Debug|ARM.ActiveCfg = Debug|Any CPU
		{B9238166-0CEC-45F2-AFA2-CAA8F7EBA067}.Debug|ARM.Build.0 = Debug|Any CPU
		{B9238166-0CEC-45F2-AFA2-CAA8F7EBA067}.Debug|x64.ActiveCfg = Debug|Any CPU
		{B9238166-0CEC-45F2-AFA2-CAA8F7EBA067}.Debug|x64.Build.0 = Debug|Any CPU
		{B9238166-0CEC-45F2-AFA2-CAA8F7EBA067}.Debug|x86.ActiveCfg = Debug|Any CPU
		{B9238166-0CEC-45F2-AFA2-CAA8F7EBA067}.Debug|x86.Build.0 = Debug|Any CPU
		{B9238166-0CEC-45F2-AFA2-CAA8F7EBA067}.Release|Any CPU.ActiveCfg = Release|Any CPU
		{B9238166-0CEC-45F2-AFA2-CAA8F7EBA067}.Release|Any CPU.Build.0 = Release|Any CPU
		{B9238166-0CEC-45F2-AFA2-CAA8F7EBA067}.Release|ARM.ActiveCfg = Release|Any CPU
		{B9238166-0CEC-45F2-AFA2-CAA8F7EBA067}.Release|ARM.Build.0 = Release|Any CPU
		{B9238166-0CEC-45F2-AFA2-CAA8F7EBA067}.Release|x64.ActiveCfg = Release|Any CPU
		{B9238166-0CEC-45F2-AFA2-CAA8F7EBA067}.Release|x64.Build.0 = Release|Any CPU
		{B9238166-0CEC-45F2-AFA2-CAA8F7EBA067}.Release|x86.ActiveCfg = Release|Any CPU
		{B9238166-0CEC-45F2-AFA2-CAA8F7EBA067}.Release|x86.Build.0 = Release|Any CPU
		{B9238166-0CEC-45F2-AFA2-CAA8F7EBA067}.ReleaseBinaries|Any CPU.ActiveCfg = Release|Any CPU
		{B9238166-0CEC-45F2-AFA2-CAA8F7EBA067}.ReleaseBinaries|Any CPU.Build.0 = Release|Any CPU
		{B9238166-0CEC-45F2-AFA2-CAA8F7EBA067}.ReleaseBinaries|ARM.ActiveCfg = Release|Any CPU
		{B9238166-0CEC-45F2-AFA2-CAA8F7EBA067}.ReleaseBinaries|ARM.Build.0 = Release|Any CPU
		{B9238166-0CEC-45F2-AFA2-CAA8F7EBA067}.ReleaseBinaries|x64.ActiveCfg = Release|Any CPU
		{B9238166-0CEC-45F2-AFA2-CAA8F7EBA067}.ReleaseBinaries|x64.Build.0 = Release|Any CPU
		{B9238166-0CEC-45F2-AFA2-CAA8F7EBA067}.ReleaseBinaries|x86.ActiveCfg = Release|Any CPU
		{B9238166-0CEC-45F2-AFA2-CAA8F7EBA067}.ReleaseBinaries|x86.Build.0 = Release|Any CPU
		{DBA33EF9-3F32-4EC9-ABE0-8D377DEA87E1}.Debug|Any CPU.ActiveCfg = Debug|Any CPU
		{DBA33EF9-3F32-4EC9-ABE0-8D377DEA87E1}.Debug|Any CPU.Build.0 = Debug|Any CPU
		{DBA33EF9-3F32-4EC9-ABE0-8D377DEA87E1}.Debug|ARM.ActiveCfg = Debug|Any CPU
		{DBA33EF9-3F32-4EC9-ABE0-8D377DEA87E1}.Debug|ARM.Build.0 = Debug|Any CPU
		{DBA33EF9-3F32-4EC9-ABE0-8D377DEA87E1}.Debug|x64.ActiveCfg = Debug|Any CPU
		{DBA33EF9-3F32-4EC9-ABE0-8D377DEA87E1}.Debug|x64.Build.0 = Debug|Any CPU
		{DBA33EF9-3F32-4EC9-ABE0-8D377DEA87E1}.Debug|x86.ActiveCfg = Debug|Any CPU
		{DBA33EF9-3F32-4EC9-ABE0-8D377DEA87E1}.Debug|x86.Build.0 = Debug|Any CPU
		{DBA33EF9-3F32-4EC9-ABE0-8D377DEA87E1}.Release|Any CPU.ActiveCfg = Release|Any CPU
		{DBA33EF9-3F32-4EC9-ABE0-8D377DEA87E1}.Release|Any CPU.Build.0 = Release|Any CPU
		{DBA33EF9-3F32-4EC9-ABE0-8D377DEA87E1}.Release|ARM.ActiveCfg = Release|Any CPU
		{DBA33EF9-3F32-4EC9-ABE0-8D377DEA87E1}.Release|ARM.Build.0 = Release|Any CPU
		{DBA33EF9-3F32-4EC9-ABE0-8D377DEA87E1}.Release|x64.ActiveCfg = Release|Any CPU
		{DBA33EF9-3F32-4EC9-ABE0-8D377DEA87E1}.Release|x64.Build.0 = Release|Any CPU
		{DBA33EF9-3F32-4EC9-ABE0-8D377DEA87E1}.Release|x86.ActiveCfg = Release|Any CPU
		{DBA33EF9-3F32-4EC9-ABE0-8D377DEA87E1}.Release|x86.Build.0 = Release|Any CPU
		{DBA33EF9-3F32-4EC9-ABE0-8D377DEA87E1}.ReleaseBinaries|Any CPU.ActiveCfg = Release|Any CPU
		{DBA33EF9-3F32-4EC9-ABE0-8D377DEA87E1}.ReleaseBinaries|Any CPU.Build.0 = Release|Any CPU
		{DBA33EF9-3F32-4EC9-ABE0-8D377DEA87E1}.ReleaseBinaries|ARM.ActiveCfg = Release|Any CPU
		{DBA33EF9-3F32-4EC9-ABE0-8D377DEA87E1}.ReleaseBinaries|ARM.Build.0 = Release|Any CPU
		{DBA33EF9-3F32-4EC9-ABE0-8D377DEA87E1}.ReleaseBinaries|x64.ActiveCfg = Release|Any CPU
		{DBA33EF9-3F32-4EC9-ABE0-8D377DEA87E1}.ReleaseBinaries|x64.Build.0 = Release|Any CPU
		{DBA33EF9-3F32-4EC9-ABE0-8D377DEA87E1}.ReleaseBinaries|x86.ActiveCfg = Release|Any CPU
		{DBA33EF9-3F32-4EC9-ABE0-8D377DEA87E1}.ReleaseBinaries|x86.Build.0 = Release|Any CPU
		{06970A38-9602-4A7A-885E-EC0EA3422F5A}.Debug|Any CPU.ActiveCfg = Debug|Any CPU
		{06970A38-9602-4A7A-885E-EC0EA3422F5A}.Debug|Any CPU.Build.0 = Debug|Any CPU
		{06970A38-9602-4A7A-885E-EC0EA3422F5A}.Debug|ARM.ActiveCfg = Debug|Any CPU
		{06970A38-9602-4A7A-885E-EC0EA3422F5A}.Debug|ARM.Build.0 = Debug|Any CPU
		{06970A38-9602-4A7A-885E-EC0EA3422F5A}.Debug|x64.ActiveCfg = Debug|Any CPU
		{06970A38-9602-4A7A-885E-EC0EA3422F5A}.Debug|x64.Build.0 = Debug|Any CPU
		{06970A38-9602-4A7A-885E-EC0EA3422F5A}.Debug|x86.ActiveCfg = Debug|Any CPU
		{06970A38-9602-4A7A-885E-EC0EA3422F5A}.Debug|x86.Build.0 = Debug|Any CPU
		{06970A38-9602-4A7A-885E-EC0EA3422F5A}.Release|Any CPU.ActiveCfg = Release|Any CPU
		{06970A38-9602-4A7A-885E-EC0EA3422F5A}.Release|Any CPU.Build.0 = Release|Any CPU
		{06970A38-9602-4A7A-885E-EC0EA3422F5A}.Release|ARM.ActiveCfg = Release|Any CPU
		{06970A38-9602-4A7A-885E-EC0EA3422F5A}.Release|ARM.Build.0 = Release|Any CPU
		{06970A38-9602-4A7A-885E-EC0EA3422F5A}.Release|x64.ActiveCfg = Release|Any CPU
		{06970A38-9602-4A7A-885E-EC0EA3422F5A}.Release|x64.Build.0 = Release|Any CPU
		{06970A38-9602-4A7A-885E-EC0EA3422F5A}.Release|x86.ActiveCfg = Release|Any CPU
		{06970A38-9602-4A7A-885E-EC0EA3422F5A}.Release|x86.Build.0 = Release|Any CPU
		{06970A38-9602-4A7A-885E-EC0EA3422F5A}.ReleaseBinaries|Any CPU.ActiveCfg = Release|Any CPU
		{06970A38-9602-4A7A-885E-EC0EA3422F5A}.ReleaseBinaries|Any CPU.Build.0 = Release|Any CPU
		{06970A38-9602-4A7A-885E-EC0EA3422F5A}.ReleaseBinaries|ARM.ActiveCfg = Release|Any CPU
		{06970A38-9602-4A7A-885E-EC0EA3422F5A}.ReleaseBinaries|ARM.Build.0 = Release|Any CPU
		{06970A38-9602-4A7A-885E-EC0EA3422F5A}.ReleaseBinaries|x64.ActiveCfg = Release|Any CPU
		{06970A38-9602-4A7A-885E-EC0EA3422F5A}.ReleaseBinaries|x64.Build.0 = Release|Any CPU
		{06970A38-9602-4A7A-885E-EC0EA3422F5A}.ReleaseBinaries|x86.ActiveCfg = Release|Any CPU
		{06970A38-9602-4A7A-885E-EC0EA3422F5A}.ReleaseBinaries|x86.Build.0 = Release|Any CPU
		{52F89731-C80A-4D0D-ADA2-8C65F1A8997F}.Debug|Any CPU.ActiveCfg = Debug|Any CPU
		{52F89731-C80A-4D0D-ADA2-8C65F1A8997F}.Debug|Any CPU.Build.0 = Debug|Any CPU
		{52F89731-C80A-4D0D-ADA2-8C65F1A8997F}.Debug|ARM.ActiveCfg = Debug|Any CPU
		{52F89731-C80A-4D0D-ADA2-8C65F1A8997F}.Debug|ARM.Build.0 = Debug|Any CPU
		{52F89731-C80A-4D0D-ADA2-8C65F1A8997F}.Debug|x64.ActiveCfg = Debug|Any CPU
		{52F89731-C80A-4D0D-ADA2-8C65F1A8997F}.Debug|x64.Build.0 = Debug|Any CPU
		{52F89731-C80A-4D0D-ADA2-8C65F1A8997F}.Debug|x86.ActiveCfg = Debug|Any CPU
		{52F89731-C80A-4D0D-ADA2-8C65F1A8997F}.Debug|x86.Build.0 = Debug|Any CPU
		{52F89731-C80A-4D0D-ADA2-8C65F1A8997F}.Release|Any CPU.ActiveCfg = Release|Any CPU
		{52F89731-C80A-4D0D-ADA2-8C65F1A8997F}.Release|Any CPU.Build.0 = Release|Any CPU
		{52F89731-C80A-4D0D-ADA2-8C65F1A8997F}.Release|ARM.ActiveCfg = Release|Any CPU
		{52F89731-C80A-4D0D-ADA2-8C65F1A8997F}.Release|ARM.Build.0 = Release|Any CPU
		{52F89731-C80A-4D0D-ADA2-8C65F1A8997F}.Release|x64.ActiveCfg = Release|Any CPU
		{52F89731-C80A-4D0D-ADA2-8C65F1A8997F}.Release|x64.Build.0 = Release|Any CPU
		{52F89731-C80A-4D0D-ADA2-8C65F1A8997F}.Release|x86.ActiveCfg = Release|Any CPU
		{52F89731-C80A-4D0D-ADA2-8C65F1A8997F}.Release|x86.Build.0 = Release|Any CPU
		{52F89731-C80A-4D0D-ADA2-8C65F1A8997F}.ReleaseBinaries|Any CPU.ActiveCfg = Release|Any CPU
		{52F89731-C80A-4D0D-ADA2-8C65F1A8997F}.ReleaseBinaries|Any CPU.Build.0 = Release|Any CPU
		{52F89731-C80A-4D0D-ADA2-8C65F1A8997F}.ReleaseBinaries|ARM.ActiveCfg = Release|Any CPU
		{52F89731-C80A-4D0D-ADA2-8C65F1A8997F}.ReleaseBinaries|ARM.Build.0 = Release|Any CPU
		{52F89731-C80A-4D0D-ADA2-8C65F1A8997F}.ReleaseBinaries|x64.ActiveCfg = Release|Any CPU
		{52F89731-C80A-4D0D-ADA2-8C65F1A8997F}.ReleaseBinaries|x64.Build.0 = Release|Any CPU
		{52F89731-C80A-4D0D-ADA2-8C65F1A8997F}.ReleaseBinaries|x86.ActiveCfg = Release|Any CPU
		{52F89731-C80A-4D0D-ADA2-8C65F1A8997F}.ReleaseBinaries|x86.Build.0 = Release|Any CPU
		{304D6DB3-D47E-40D1-9AAC-2B33AC82B44D}.Debug|Any CPU.ActiveCfg = Debug|Any CPU
		{304D6DB3-D47E-40D1-9AAC-2B33AC82B44D}.Debug|Any CPU.Build.0 = Debug|Any CPU
		{304D6DB3-D47E-40D1-9AAC-2B33AC82B44D}.Debug|ARM.ActiveCfg = Debug|Any CPU
		{304D6DB3-D47E-40D1-9AAC-2B33AC82B44D}.Debug|ARM.Build.0 = Debug|Any CPU
		{304D6DB3-D47E-40D1-9AAC-2B33AC82B44D}.Debug|x64.ActiveCfg = Debug|Any CPU
		{304D6DB3-D47E-40D1-9AAC-2B33AC82B44D}.Debug|x64.Build.0 = Debug|Any CPU
		{304D6DB3-D47E-40D1-9AAC-2B33AC82B44D}.Debug|x86.ActiveCfg = Debug|Any CPU
		{304D6DB3-D47E-40D1-9AAC-2B33AC82B44D}.Debug|x86.Build.0 = Debug|Any CPU
		{304D6DB3-D47E-40D1-9AAC-2B33AC82B44D}.Release|Any CPU.ActiveCfg = Release|Any CPU
		{304D6DB3-D47E-40D1-9AAC-2B33AC82B44D}.Release|Any CPU.Build.0 = Release|Any CPU
		{304D6DB3-D47E-40D1-9AAC-2B33AC82B44D}.Release|ARM.ActiveCfg = Release|Any CPU
		{304D6DB3-D47E-40D1-9AAC-2B33AC82B44D}.Release|ARM.Build.0 = Release|Any CPU
		{304D6DB3-D47E-40D1-9AAC-2B33AC82B44D}.Release|x64.ActiveCfg = Release|Any CPU
		{304D6DB3-D47E-40D1-9AAC-2B33AC82B44D}.Release|x64.Build.0 = Release|Any CPU
		{304D6DB3-D47E-40D1-9AAC-2B33AC82B44D}.Release|x86.ActiveCfg = Release|Any CPU
		{304D6DB3-D47E-40D1-9AAC-2B33AC82B44D}.Release|x86.Build.0 = Release|Any CPU
		{304D6DB3-D47E-40D1-9AAC-2B33AC82B44D}.ReleaseBinaries|Any CPU.ActiveCfg = Release|Any CPU
		{304D6DB3-D47E-40D1-9AAC-2B33AC82B44D}.ReleaseBinaries|Any CPU.Build.0 = Release|Any CPU
		{304D6DB3-D47E-40D1-9AAC-2B33AC82B44D}.ReleaseBinaries|ARM.ActiveCfg = Release|Any CPU
		{304D6DB3-D47E-40D1-9AAC-2B33AC82B44D}.ReleaseBinaries|ARM.Build.0 = Release|Any CPU
		{304D6DB3-D47E-40D1-9AAC-2B33AC82B44D}.ReleaseBinaries|x64.ActiveCfg = Release|Any CPU
		{304D6DB3-D47E-40D1-9AAC-2B33AC82B44D}.ReleaseBinaries|x64.Build.0 = Release|Any CPU
		{304D6DB3-D47E-40D1-9AAC-2B33AC82B44D}.ReleaseBinaries|x86.ActiveCfg = Release|Any CPU
		{304D6DB3-D47E-40D1-9AAC-2B33AC82B44D}.ReleaseBinaries|x86.Build.0 = Release|Any CPU
		{F0E2D22B-D913-422F-B409-A9A8611CB0D3}.Debug|Any CPU.ActiveCfg = Debug|Any CPU
		{F0E2D22B-D913-422F-B409-A9A8611CB0D3}.Debug|Any CPU.Build.0 = Debug|Any CPU
		{F0E2D22B-D913-422F-B409-A9A8611CB0D3}.Debug|ARM.ActiveCfg = Debug|Any CPU
		{F0E2D22B-D913-422F-B409-A9A8611CB0D3}.Debug|ARM.Build.0 = Debug|Any CPU
		{F0E2D22B-D913-422F-B409-A9A8611CB0D3}.Debug|x64.ActiveCfg = Debug|Any CPU
		{F0E2D22B-D913-422F-B409-A9A8611CB0D3}.Debug|x64.Build.0 = Debug|Any CPU
		{F0E2D22B-D913-422F-B409-A9A8611CB0D3}.Debug|x86.ActiveCfg = Debug|Any CPU
		{F0E2D22B-D913-422F-B409-A9A8611CB0D3}.Debug|x86.Build.0 = Debug|Any CPU
		{F0E2D22B-D913-422F-B409-A9A8611CB0D3}.Release|Any CPU.ActiveCfg = Release|Any CPU
		{F0E2D22B-D913-422F-B409-A9A8611CB0D3}.Release|Any CPU.Build.0 = Release|Any CPU
		{F0E2D22B-D913-422F-B409-A9A8611CB0D3}.Release|ARM.ActiveCfg = Release|Any CPU
		{F0E2D22B-D913-422F-B409-A9A8611CB0D3}.Release|ARM.Build.0 = Release|Any CPU
		{F0E2D22B-D913-422F-B409-A9A8611CB0D3}.Release|x64.ActiveCfg = Release|Any CPU
		{F0E2D22B-D913-422F-B409-A9A8611CB0D3}.Release|x64.Build.0 = Release|Any CPU
		{F0E2D22B-D913-422F-B409-A9A8611CB0D3}.Release|x86.ActiveCfg = Release|Any CPU
		{F0E2D22B-D913-422F-B409-A9A8611CB0D3}.Release|x86.Build.0 = Release|Any CPU
		{F0E2D22B-D913-422F-B409-A9A8611CB0D3}.ReleaseBinaries|Any CPU.ActiveCfg = Release|Any CPU
		{F0E2D22B-D913-422F-B409-A9A8611CB0D3}.ReleaseBinaries|Any CPU.Build.0 = Release|Any CPU
		{F0E2D22B-D913-422F-B409-A9A8611CB0D3}.ReleaseBinaries|ARM.ActiveCfg = Release|Any CPU
		{F0E2D22B-D913-422F-B409-A9A8611CB0D3}.ReleaseBinaries|ARM.Build.0 = Release|Any CPU
		{F0E2D22B-D913-422F-B409-A9A8611CB0D3}.ReleaseBinaries|x64.ActiveCfg = Release|Any CPU
		{F0E2D22B-D913-422F-B409-A9A8611CB0D3}.ReleaseBinaries|x64.Build.0 = Release|Any CPU
		{F0E2D22B-D913-422F-B409-A9A8611CB0D3}.ReleaseBinaries|x86.ActiveCfg = Release|Any CPU
		{F0E2D22B-D913-422F-B409-A9A8611CB0D3}.ReleaseBinaries|x86.Build.0 = Release|Any CPU
	EndGlobalSection
	GlobalSection(SolutionProperties) = preSolution
		HideSolutionNode = FALSE
	EndGlobalSection
	GlobalSection(NestedProjects) = preSolution
		{304D6DB3-D47E-40D1-9AAC-2B33AC82B44D} = {BDE6F8E2-9F7F-4ADF-8972-4589485E3FCB}
		{F0E2D22B-D913-422F-B409-A9A8611CB0D3} = {BDE6F8E2-9F7F-4ADF-8972-4589485E3FCB}
	EndGlobalSection
	GlobalSection(ExtensibilityGlobals) = postSolution
		SolutionGuid = {59A703E3-F9FA-4E67-98D2-514511B4105C}
	EndGlobalSection
EndGlobal
