
Microsoft Visual Studio Solution File, Format Version 12.00
# Visual Studio 14
VisualStudioVersion = 14.0.25420.1
MinimumVisualStudioVersion = 10.0.40219.1
Project("{FAE04EC0-301F-11D3-BF4B-00C04F79EFBC}") = "WDMRC.Console", "WDMRC.Console\WDMRC.Console.csproj", "{9E1B53CF-F6CD-4861-A177-E06DBC95CD7D}"
EndProject
Project("{FAE04EC0-301F-11D3-BF4B-00C04F79EFBC}") = "MailRuCloudApi", "MailRuNetCloudClient\MailRuCloudApi\MailRuCloudApi.csproj", "{75BF5EAC-81A8-4E00-A82E-0BCBD17AC50B}"
EndProject
Project("{FAE04EC0-301F-11D3-BF4B-00C04F79EFBC}") = "WebDavMailRuCloudStore", "WebDavMailRuCloudStore\WebDavMailRuCloudStore.csproj", "{F8FA91A5-466D-4072-8D7B-7791831F520D}"
EndProject
Global
	GlobalSection(SolutionConfigurationPlatforms) = preSolution
		Debug|Any CPU = Debug|Any CPU
		Release|Any CPU = Release|Any CPU
		ReleaseBinaries|Any CPU = ReleaseBinaries|Any CPU
	EndGlobalSection
	GlobalSection(ProjectConfigurationPlatforms) = postSolution
		{9E1B53CF-F6CD-4861-A177-E06DBC95CD7D}.Debug|Any CPU.ActiveCfg = Debug|Any CPU
		{9E1B53CF-F6CD-4861-A177-E06DBC95CD7D}.Debug|Any CPU.Build.0 = Debug|Any CPU
		{9E1B53CF-F6CD-4861-A177-E06DBC95CD7D}.Release|Any CPU.ActiveCfg = Release|Any CPU
		{9E1B53CF-F6CD-4861-A177-E06DBC95CD7D}.Release|Any CPU.Build.0 = Release|Any CPU
		{9E1B53CF-F6CD-4861-A177-E06DBC95CD7D}.ReleaseBinaries|Any CPU.ActiveCfg = Release|Any CPU
		{9E1B53CF-F6CD-4861-A177-E06DBC95CD7D}.ReleaseBinaries|Any CPU.Build.0 = Release|Any CPU
		{75BF5EAC-81A8-4E00-A82E-0BCBD17AC50B}.Debug|Any CPU.ActiveCfg = Debug|Any CPU
		{75BF5EAC-81A8-4E00-A82E-0BCBD17AC50B}.Debug|Any CPU.Build.0 = Debug|Any CPU
		{75BF5EAC-81A8-4E00-A82E-0BCBD17AC50B}.Release|Any CPU.ActiveCfg = Release|Any CPU
		{75BF5EAC-81A8-4E00-A82E-0BCBD17AC50B}.Release|Any CPU.Build.0 = Release|Any CPU
		{75BF5EAC-81A8-4E00-A82E-0BCBD17AC50B}.ReleaseBinaries|Any CPU.ActiveCfg = Release|Any CPU
		{75BF5EAC-81A8-4E00-A82E-0BCBD17AC50B}.ReleaseBinaries|Any CPU.Build.0 = Release|Any CPU
		{F8FA91A5-466D-4072-8D7B-7791831F520D}.Debug|Any CPU.ActiveCfg = Debug|Any CPU
		{F8FA91A5-466D-4072-8D7B-7791831F520D}.Debug|Any CPU.Build.0 = Debug|Any CPU
		{F8FA91A5-466D-4072-8D7B-7791831F520D}.Release|Any CPU.ActiveCfg = Release|Any CPU
		{F8FA91A5-466D-4072-8D7B-7791831F520D}.Release|Any CPU.Build.0 = Release|Any CPU
		{F8FA91A5-466D-4072-8D7B-7791831F520D}.ReleaseBinaries|Any CPU.ActiveCfg = Release|Any CPU
		{F8FA91A5-466D-4072-8D7B-7791831F520D}.ReleaseBinaries|Any CPU.Build.0 = Release|Any CPU
	EndGlobalSection
	GlobalSection(SolutionProperties) = preSolution
		HideSolutionNode = FALSE
	EndGlobalSection
EndGlobal
