
Microsoft Visual Studio Solution File, Format Version 12.00
# Visual Studio Version 16
VisualStudioVersion = 16.0.28721.148
MinimumVisualStudioVersion = 10.0.40219.1
Project("{2150E333-8FDC-42A3-9474-1A3956D46DE8}") = "Solution Items", "Solution Items", "{8950FA45-4F13-42FE-B32D-736C1426E0EF}"
	ProjectSection(SolutionItems) = preProject
		readme.md = readme.md
	EndProjectSection
EndProject
Project("{2150E333-8FDC-42A3-9474-1A3956D46DE8}") = "NWebDAV", "NWebDAV", "{BDE6F8E2-9F7F-4ADF-8972-4589485E3FCB}"
EndProject
Project("{9A19103F-16F7-4668-BE54-9A1E7A4F7556}") = "YaR.Clouds", "MailRuCloud\MailRuCloudApi\YaR.Clouds.csproj", "{B9238166-0CEC-45F2-AFA2-CAA8F7EBA067}"
EndProject
Project("{9A19103F-16F7-4668-BE54-9A1E7A4F7556}") = "WebDavStore", "WebDavMailRuCloudStore\WebDavStore.csproj", "{DBA33EF9-3F32-4EC9-ABE0-8D377DEA87E1}"
EndProject
Project("{9A19103F-16F7-4668-BE54-9A1E7A4F7556}") = "WDMRC.Console", "WDMRC.Console\WDMRC.Console.csproj", "{06970A38-9602-4A7A-885E-EC0EA3422F5A}"
EndProject
Project("{9A19103F-16F7-4668-BE54-9A1E7A4F7556}") = "MailRuCloudApi.TwoFA.Console", "MailRuCloud\TwoFA\UI\MailRuCloudApi.TwoFA.Console\MailRuCloudApi.TwoFA.Console.csproj", "{52F89731-C80A-4D0D-ADA2-8C65F1A8997F}"
EndProject
Project("{9A19103F-16F7-4668-BE54-9A1E7A4F7556}") = "NWebDav.Server.HttpListener", "NWebDav\NWebDav.Server.HttpListener\NWebDav.Server.HttpListener.csproj", "{304D6DB3-D47E-40D1-9AAC-2B33AC82B44D}"
EndProject
Project("{9A19103F-16F7-4668-BE54-9A1E7A4F7556}") = "NWebDav.Server", "NWebDav\NWebDav.Server\NWebDav.Server.csproj", "{F0E2D22B-D913-422F-B409-A9A8611CB0D3}"
EndProject
Project("{2150E333-8FDC-42A3-9474-1A3956D46DE8}") = "Clouds", "Clouds", "{5AB56772-AA33-481C-8CD6-A8D16C0C16C2}"
EndProject
Project("{2150E333-8FDC-42A3-9474-1A3956D46DE8}") = "TwoFA", "TwoFA", "{BE0C36C2-6D4A-4F48-B91A-36CC75707984}"
EndProject
Project("{2150E333-8FDC-42A3-9474-1A3956D46DE8}") = "UI", "UI", "{8CA26109-56B3-420E-A1B6-0A2D22FF619F}"
EndProject
Project("{FAE04EC0-301F-11D3-BF4B-00C04F79EFBC}") = "MailRuCloudApi.TwoFA.Dialog", "MailRuCloud\TwoFA\UI\MailRuCloudApi.TwoFA.Dialog\MailRuCloudApi.TwoFA.Dialog.csproj", "{D88209ED-696D-450F-92FE-D098651D2565}"
EndProject
Project("{9A19103F-16F7-4668-BE54-9A1E7A4F7556}") = "WDMRC.Console.Client", "WebDAV.Uploader\WDMRC.Console.Client.csproj", "{37097081-DEC8-4AB9-B8F7-0509215D103A}"
EndProject
Project("{9A19103F-16F7-4668-BE54-9A1E7A4F7556}") = "WinServiceInstaller", "WinServiceInstaller\WinServiceInstaller.csproj", "{902BFB53-D205-4A0F-8818-A8636C6DD17E}"
EndProject
Project("{9A19103F-16F7-4668-BE54-9A1E7A4F7556}") = "MailRuCloudApi.TwoFA.File", "MailRuCloud\TwoFA\UI\MailRuCloudApi.TwoFA.File\MailRuCloudApi.TwoFA.File.csproj", "{7213BC64-B5C1-48BB-9F13-5A4A8623D467}"
EndProject
Project("{FAE04EC0-301F-11D3-BF4B-00C04F79EFBC}") = "Hasher", "Hasher\Hasher.csproj", "{CB339F56-A0D8-4133-B322-6894DC70FAE6}"
EndProject
Global
	GlobalSection(SolutionConfigurationPlatforms) = preSolution
		Debug|Any CPU = Debug|Any CPU
		Debug|ARM = Debug|ARM
		Debug|x64 = Debug|x64
		Debug|x86 = Debug|x86
		Release|Any CPU = Release|Any CPU
		Release|ARM = Release|ARM
		Release|x64 = Release|x64
		Release|x86 = Release|x86
		ReleaseBinaries|Any CPU = ReleaseBinaries|Any CPU
		ReleaseBinaries|ARM = ReleaseBinaries|ARM
		ReleaseBinaries|x64 = ReleaseBinaries|x64
		ReleaseBinaries|x86 = ReleaseBinaries|x86
	EndGlobalSection
	GlobalSection(ProjectConfigurationPlatforms) = postSolution
		{B9238166-0CEC-45F2-AFA2-CAA8F7EBA067}.Debug|Any CPU.ActiveCfg = Debug|Any CPU
		{B9238166-0CEC-45F2-AFA2-CAA8F7EBA067}.Debug|Any CPU.Build.0 = Debug|Any CPU
		{B9238166-0CEC-45F2-AFA2-CAA8F7EBA067}.Debug|ARM.ActiveCfg = Debug|Any CPU
		{B9238166-0CEC-45F2-AFA2-CAA8F7EBA067}.Debug|ARM.Build.0 = Debug|Any CPU
		{B9238166-0CEC-45F2-AFA2-CAA8F7EBA067}.Debug|x64.ActiveCfg = Debug|Any CPU
		{B9238166-0CEC-45F2-AFA2-CAA8F7EBA067}.Debug|x64.Build.0 = Debug|Any CPU
		{B9238166-0CEC-45F2-AFA2-CAA8F7EBA067}.Debug|x86.ActiveCfg = Debug|Any CPU
		{B9238166-0CEC-45F2-AFA2-CAA8F7EBA067}.Debug|x86.Build.0 = Debug|Any CPU
		{B9238166-0CEC-45F2-AFA2-CAA8F7EBA067}.Release|Any CPU.ActiveCfg = Release|Any CPU
		{B9238166-0CEC-45F2-AFA2-CAA8F7EBA067}.Release|Any CPU.Build.0 = Release|Any CPU
		{B9238166-0CEC-45F2-AFA2-CAA8F7EBA067}.Release|ARM.ActiveCfg = Release|Any CPU
		{B9238166-0CEC-45F2-AFA2-CAA8F7EBA067}.Release|ARM.Build.0 = Release|Any CPU
		{B9238166-0CEC-45F2-AFA2-CAA8F7EBA067}.Release|x64.ActiveCfg = Release|Any CPU
		{B9238166-0CEC-45F2-AFA2-CAA8F7EBA067}.Release|x64.Build.0 = Release|Any CPU
		{B9238166-0CEC-45F2-AFA2-CAA8F7EBA067}.Release|x86.ActiveCfg = Release|Any CPU
		{B9238166-0CEC-45F2-AFA2-CAA8F7EBA067}.Release|x86.Build.0 = Release|Any CPU
		{B9238166-0CEC-45F2-AFA2-CAA8F7EBA067}.ReleaseBinaries|Any CPU.ActiveCfg = Release|Any CPU
		{B9238166-0CEC-45F2-AFA2-CAA8F7EBA067}.ReleaseBinaries|Any CPU.Build.0 = Release|Any CPU
		{B9238166-0CEC-45F2-AFA2-CAA8F7EBA067}.ReleaseBinaries|ARM.ActiveCfg = Release|Any CPU
		{B9238166-0CEC-45F2-AFA2-CAA8F7EBA067}.ReleaseBinaries|ARM.Build.0 = Release|Any CPU
		{B9238166-0CEC-45F2-AFA2-CAA8F7EBA067}.ReleaseBinaries|x64.ActiveCfg = Release|Any CPU
		{B9238166-0CEC-45F2-AFA2-CAA8F7EBA067}.ReleaseBinaries|x64.Build.0 = Release|Any CPU
		{B9238166-0CEC-45F2-AFA2-CAA8F7EBA067}.ReleaseBinaries|x86.ActiveCfg = Release|Any CPU
		{B9238166-0CEC-45F2-AFA2-CAA8F7EBA067}.ReleaseBinaries|x86.Build.0 = Release|Any CPU
		{DBA33EF9-3F32-4EC9-ABE0-8D377DEA87E1}.Debug|Any CPU.ActiveCfg = Debug|Any CPU
		{DBA33EF9-3F32-4EC9-ABE0-8D377DEA87E1}.Debug|Any CPU.Build.0 = Debug|Any CPU
		{DBA33EF9-3F32-4EC9-ABE0-8D377DEA87E1}.Debug|ARM.ActiveCfg = Debug|Any CPU
		{DBA33EF9-3F32-4EC9-ABE0-8D377DEA87E1}.Debug|ARM.Build.0 = Debug|Any CPU
		{DBA33EF9-3F32-4EC9-ABE0-8D377DEA87E1}.Debug|x64.ActiveCfg = Debug|Any CPU
		{DBA33EF9-3F32-4EC9-ABE0-8D377DEA87E1}.Debug|x64.Build.0 = Debug|Any CPU
		{DBA33EF9-3F32-4EC9-ABE0-8D377DEA87E1}.Debug|x86.ActiveCfg = Debug|Any CPU
		{DBA33EF9-3F32-4EC9-ABE0-8D377DEA87E1}.Debug|x86.Build.0 = Debug|Any CPU
		{DBA33EF9-3F32-4EC9-ABE0-8D377DEA87E1}.Release|Any CPU.ActiveCfg = Release|Any CPU
		{DBA33EF9-3F32-4EC9-ABE0-8D377DEA87E1}.Release|Any CPU.Build.0 = Release|Any CPU
		{DBA33EF9-3F32-4EC9-ABE0-8D377DEA87E1}.Release|ARM.ActiveCfg = Release|Any CPU
		{DBA33EF9-3F32-4EC9-ABE0-8D377DEA87E1}.Release|ARM.Build.0 = Release|Any CPU
		{DBA33EF9-3F32-4EC9-ABE0-8D377DEA87E1}.Release|x64.ActiveCfg = Release|Any CPU
		{DBA33EF9-3F32-4EC9-ABE0-8D377DEA87E1}.Release|x64.Build.0 = Release|Any CPU
		{DBA33EF9-3F32-4EC9-ABE0-8D377DEA87E1}.Release|x86.ActiveCfg = Release|Any CPU
		{DBA33EF9-3F32-4EC9-ABE0-8D377DEA87E1}.Release|x86.Build.0 = Release|Any CPU
		{DBA33EF9-3F32-4EC9-ABE0-8D377DEA87E1}.ReleaseBinaries|Any CPU.ActiveCfg = Release|Any CPU
		{DBA33EF9-3F32-4EC9-ABE0-8D377DEA87E1}.ReleaseBinaries|Any CPU.Build.0 = Release|Any CPU
		{DBA33EF9-3F32-4EC9-ABE0-8D377DEA87E1}.ReleaseBinaries|ARM.ActiveCfg = Release|Any CPU
		{DBA33EF9-3F32-4EC9-ABE0-8D377DEA87E1}.ReleaseBinaries|ARM.Build.0 = Release|Any CPU
		{DBA33EF9-3F32-4EC9-ABE0-8D377DEA87E1}.ReleaseBinaries|x64.ActiveCfg = Release|Any CPU
		{DBA33EF9-3F32-4EC9-ABE0-8D377DEA87E1}.ReleaseBinaries|x64.Build.0 = Release|Any CPU
		{DBA33EF9-3F32-4EC9-ABE0-8D377DEA87E1}.ReleaseBinaries|x86.ActiveCfg = Release|Any CPU
		{DBA33EF9-3F32-4EC9-ABE0-8D377DEA87E1}.ReleaseBinaries|x86.Build.0 = Release|Any CPU
		{06970A38-9602-4A7A-885E-EC0EA3422F5A}.Debug|Any CPU.ActiveCfg = Debug|Any CPU
		{06970A38-9602-4A7A-885E-EC0EA3422F5A}.Debug|Any CPU.Build.0 = Debug|Any CPU
		{06970A38-9602-4A7A-885E-EC0EA3422F5A}.Debug|ARM.ActiveCfg = Debug|Any CPU
		{06970A38-9602-4A7A-885E-EC0EA3422F5A}.Debug|ARM.Build.0 = Debug|Any CPU
		{06970A38-9602-4A7A-885E-EC0EA3422F5A}.Debug|x64.ActiveCfg = Debug|Any CPU
		{06970A38-9602-4A7A-885E-EC0EA3422F5A}.Debug|x64.Build.0 = Debug|Any CPU
		{06970A38-9602-4A7A-885E-EC0EA3422F5A}.Debug|x86.ActiveCfg = Debug|Any CPU
		{06970A38-9602-4A7A-885E-EC0EA3422F5A}.Debug|x86.Build.0 = Debug|Any CPU
		{06970A38-9602-4A7A-885E-EC0EA3422F5A}.Release|Any CPU.ActiveCfg = Release|Any CPU
		{06970A38-9602-4A7A-885E-EC0EA3422F5A}.Release|Any CPU.Build.0 = Release|Any CPU
		{06970A38-9602-4A7A-885E-EC0EA3422F5A}.Release|ARM.ActiveCfg = Release|Any CPU
		{06970A38-9602-4A7A-885E-EC0EA3422F5A}.Release|ARM.Build.0 = Release|Any CPU
		{06970A38-9602-4A7A-885E-EC0EA3422F5A}.Release|x64.ActiveCfg = Release|Any CPU
		{06970A38-9602-4A7A-885E-EC0EA3422F5A}.Release|x64.Build.0 = Release|Any CPU
		{06970A38-9602-4A7A-885E-EC0EA3422F5A}.Release|x86.ActiveCfg = Release|Any CPU
		{06970A38-9602-4A7A-885E-EC0EA3422F5A}.Release|x86.Build.0 = Release|Any CPU
		{06970A38-9602-4A7A-885E-EC0EA3422F5A}.ReleaseBinaries|Any CPU.ActiveCfg = Release|Any CPU
		{06970A38-9602-4A7A-885E-EC0EA3422F5A}.ReleaseBinaries|Any CPU.Build.0 = Release|Any CPU
		{06970A38-9602-4A7A-885E-EC0EA3422F5A}.ReleaseBinaries|ARM.ActiveCfg = Release|Any CPU
		{06970A38-9602-4A7A-885E-EC0EA3422F5A}.ReleaseBinaries|ARM.Build.0 = Release|Any CPU
		{06970A38-9602-4A7A-885E-EC0EA3422F5A}.ReleaseBinaries|x64.ActiveCfg = Release|Any CPU
		{06970A38-9602-4A7A-885E-EC0EA3422F5A}.ReleaseBinaries|x64.Build.0 = Release|Any CPU
		{06970A38-9602-4A7A-885E-EC0EA3422F5A}.ReleaseBinaries|x86.ActiveCfg = Release|Any CPU
		{06970A38-9602-4A7A-885E-EC0EA3422F5A}.ReleaseBinaries|x86.Build.0 = Release|Any CPU
		{52F89731-C80A-4D0D-ADA2-8C65F1A8997F}.Debug|Any CPU.ActiveCfg = Debug|Any CPU
		{52F89731-C80A-4D0D-ADA2-8C65F1A8997F}.Debug|Any CPU.Build.0 = Debug|Any CPU
		{52F89731-C80A-4D0D-ADA2-8C65F1A8997F}.Debug|ARM.ActiveCfg = Debug|Any CPU
		{52F89731-C80A-4D0D-ADA2-8C65F1A8997F}.Debug|ARM.Build.0 = Debug|Any CPU
		{52F89731-C80A-4D0D-ADA2-8C65F1A8997F}.Debug|x64.ActiveCfg = Debug|Any CPU
		{52F89731-C80A-4D0D-ADA2-8C65F1A8997F}.Debug|x64.Build.0 = Debug|Any CPU
		{52F89731-C80A-4D0D-ADA2-8C65F1A8997F}.Debug|x86.ActiveCfg = Debug|Any CPU
		{52F89731-C80A-4D0D-ADA2-8C65F1A8997F}.Debug|x86.Build.0 = Debug|Any CPU
		{52F89731-C80A-4D0D-ADA2-8C65F1A8997F}.Release|Any CPU.ActiveCfg = Release|Any CPU
		{52F89731-C80A-4D0D-ADA2-8C65F1A8997F}.Release|Any CPU.Build.0 = Release|Any CPU
		{52F89731-C80A-4D0D-ADA2-8C65F1A8997F}.Release|ARM.ActiveCfg = Release|Any CPU
		{52F89731-C80A-4D0D-ADA2-8C65F1A8997F}.Release|ARM.Build.0 = Release|Any CPU
		{52F89731-C80A-4D0D-ADA2-8C65F1A8997F}.Release|x64.ActiveCfg = Release|Any CPU
		{52F89731-C80A-4D0D-ADA2-8C65F1A8997F}.Release|x64.Build.0 = Release|Any CPU
		{52F89731-C80A-4D0D-ADA2-8C65F1A8997F}.Release|x86.ActiveCfg = Release|Any CPU
		{52F89731-C80A-4D0D-ADA2-8C65F1A8997F}.Release|x86.Build.0 = Release|Any CPU
		{52F89731-C80A-4D0D-ADA2-8C65F1A8997F}.ReleaseBinaries|Any CPU.ActiveCfg = Release|Any CPU
		{52F89731-C80A-4D0D-ADA2-8C65F1A8997F}.ReleaseBinaries|Any CPU.Build.0 = Release|Any CPU
		{52F89731-C80A-4D0D-ADA2-8C65F1A8997F}.ReleaseBinaries|ARM.ActiveCfg = Release|Any CPU
		{52F89731-C80A-4D0D-ADA2-8C65F1A8997F}.ReleaseBinaries|ARM.Build.0 = Release|Any CPU
		{52F89731-C80A-4D0D-ADA2-8C65F1A8997F}.ReleaseBinaries|x64.ActiveCfg = Release|Any CPU
		{52F89731-C80A-4D0D-ADA2-8C65F1A8997F}.ReleaseBinaries|x64.Build.0 = Release|Any CPU
		{52F89731-C80A-4D0D-ADA2-8C65F1A8997F}.ReleaseBinaries|x86.ActiveCfg = Release|Any CPU
		{52F89731-C80A-4D0D-ADA2-8C65F1A8997F}.ReleaseBinaries|x86.Build.0 = Release|Any CPU
		{304D6DB3-D47E-40D1-9AAC-2B33AC82B44D}.Debug|Any CPU.ActiveCfg = Debug|Any CPU
		{304D6DB3-D47E-40D1-9AAC-2B33AC82B44D}.Debug|Any CPU.Build.0 = Debug|Any CPU
		{304D6DB3-D47E-40D1-9AAC-2B33AC82B44D}.Debug|ARM.ActiveCfg = Debug|Any CPU
		{304D6DB3-D47E-40D1-9AAC-2B33AC82B44D}.Debug|ARM.Build.0 = Debug|Any CPU
		{304D6DB3-D47E-40D1-9AAC-2B33AC82B44D}.Debug|x64.ActiveCfg = Debug|Any CPU
		{304D6DB3-D47E-40D1-9AAC-2B33AC82B44D}.Debug|x64.Build.0 = Debug|Any CPU
		{304D6DB3-D47E-40D1-9AAC-2B33AC82B44D}.Debug|x86.ActiveCfg = Debug|Any CPU
		{304D6DB3-D47E-40D1-9AAC-2B33AC82B44D}.Debug|x86.Build.0 = Debug|Any CPU
		{304D6DB3-D47E-40D1-9AAC-2B33AC82B44D}.Release|Any CPU.ActiveCfg = Release|Any CPU
		{304D6DB3-D47E-40D1-9AAC-2B33AC82B44D}.Release|Any CPU.Build.0 = Release|Any CPU
		{304D6DB3-D47E-40D1-9AAC-2B33AC82B44D}.Release|ARM.ActiveCfg = Release|Any CPU
		{304D6DB3-D47E-40D1-9AAC-2B33AC82B44D}.Release|ARM.Build.0 = Release|Any CPU
		{304D6DB3-D47E-40D1-9AAC-2B33AC82B44D}.Release|x64.ActiveCfg = Release|Any CPU
		{304D6DB3-D47E-40D1-9AAC-2B33AC82B44D}.Release|x64.Build.0 = Release|Any CPU
		{304D6DB3-D47E-40D1-9AAC-2B33AC82B44D}.Release|x86.ActiveCfg = Release|Any CPU
		{304D6DB3-D47E-40D1-9AAC-2B33AC82B44D}.Release|x86.Build.0 = Release|Any CPU
		{304D6DB3-D47E-40D1-9AAC-2B33AC82B44D}.ReleaseBinaries|Any CPU.ActiveCfg = Release|Any CPU
		{304D6DB3-D47E-40D1-9AAC-2B33AC82B44D}.ReleaseBinaries|Any CPU.Build.0 = Release|Any CPU
		{304D6DB3-D47E-40D1-9AAC-2B33AC82B44D}.ReleaseBinaries|ARM.ActiveCfg = Release|Any CPU
		{304D6DB3-D47E-40D1-9AAC-2B33AC82B44D}.ReleaseBinaries|ARM.Build.0 = Release|Any CPU
		{304D6DB3-D47E-40D1-9AAC-2B33AC82B44D}.ReleaseBinaries|x64.ActiveCfg = Release|Any CPU
		{304D6DB3-D47E-40D1-9AAC-2B33AC82B44D}.ReleaseBinaries|x64.Build.0 = Release|Any CPU
		{304D6DB3-D47E-40D1-9AAC-2B33AC82B44D}.ReleaseBinaries|x86.ActiveCfg = Release|Any CPU
		{304D6DB3-D47E-40D1-9AAC-2B33AC82B44D}.ReleaseBinaries|x86.Build.0 = Release|Any CPU
		{F0E2D22B-D913-422F-B409-A9A8611CB0D3}.Debug|Any CPU.ActiveCfg = Debug|Any CPU
		{F0E2D22B-D913-422F-B409-A9A8611CB0D3}.Debug|Any CPU.Build.0 = Debug|Any CPU
		{F0E2D22B-D913-422F-B409-A9A8611CB0D3}.Debug|ARM.ActiveCfg = Debug|Any CPU
		{F0E2D22B-D913-422F-B409-A9A8611CB0D3}.Debug|ARM.Build.0 = Debug|Any CPU
		{F0E2D22B-D913-422F-B409-A9A8611CB0D3}.Debug|x64.ActiveCfg = Debug|Any CPU
		{F0E2D22B-D913-422F-B409-A9A8611CB0D3}.Debug|x64.Build.0 = Debug|Any CPU
		{F0E2D22B-D913-422F-B409-A9A8611CB0D3}.Debug|x86.ActiveCfg = Debug|Any CPU
		{F0E2D22B-D913-422F-B409-A9A8611CB0D3}.Debug|x86.Build.0 = Debug|Any CPU
		{F0E2D22B-D913-422F-B409-A9A8611CB0D3}.Release|Any CPU.ActiveCfg = Release|Any CPU
		{F0E2D22B-D913-422F-B409-A9A8611CB0D3}.Release|Any CPU.Build.0 = Release|Any CPU
		{F0E2D22B-D913-422F-B409-A9A8611CB0D3}.Release|ARM.ActiveCfg = Release|Any CPU
		{F0E2D22B-D913-422F-B409-A9A8611CB0D3}.Release|ARM.Build.0 = Release|Any CPU
		{F0E2D22B-D913-422F-B409-A9A8611CB0D3}.Release|x64.ActiveCfg = Release|Any CPU
		{F0E2D22B-D913-422F-B409-A9A8611CB0D3}.Release|x64.Build.0 = Release|Any CPU
		{F0E2D22B-D913-422F-B409-A9A8611CB0D3}.Release|x86.ActiveCfg = Release|Any CPU
		{F0E2D22B-D913-422F-B409-A9A8611CB0D3}.Release|x86.Build.0 = Release|Any CPU
		{F0E2D22B-D913-422F-B409-A9A8611CB0D3}.ReleaseBinaries|Any CPU.ActiveCfg = Release|Any CPU
		{F0E2D22B-D913-422F-B409-A9A8611CB0D3}.ReleaseBinaries|Any CPU.Build.0 = Release|Any CPU
		{F0E2D22B-D913-422F-B409-A9A8611CB0D3}.ReleaseBinaries|ARM.ActiveCfg = Release|Any CPU
		{F0E2D22B-D913-422F-B409-A9A8611CB0D3}.ReleaseBinaries|ARM.Build.0 = Release|Any CPU
		{F0E2D22B-D913-422F-B409-A9A8611CB0D3}.ReleaseBinaries|x64.ActiveCfg = Release|Any CPU
		{F0E2D22B-D913-422F-B409-A9A8611CB0D3}.ReleaseBinaries|x64.Build.0 = Release|Any CPU
		{F0E2D22B-D913-422F-B409-A9A8611CB0D3}.ReleaseBinaries|x86.ActiveCfg = Release|Any CPU
		{F0E2D22B-D913-422F-B409-A9A8611CB0D3}.ReleaseBinaries|x86.Build.0 = Release|Any CPU
		{D88209ED-696D-450F-92FE-D098651D2565}.Debug|Any CPU.ActiveCfg = Debug|Any CPU
		{D88209ED-696D-450F-92FE-D098651D2565}.Debug|Any CPU.Build.0 = Debug|Any CPU
		{D88209ED-696D-450F-92FE-D098651D2565}.Debug|ARM.ActiveCfg = Debug|Any CPU
		{D88209ED-696D-450F-92FE-D098651D2565}.Debug|ARM.Build.0 = Debug|Any CPU
		{D88209ED-696D-450F-92FE-D098651D2565}.Debug|x64.ActiveCfg = Debug|Any CPU
		{D88209ED-696D-450F-92FE-D098651D2565}.Debug|x64.Build.0 = Debug|Any CPU
		{D88209ED-696D-450F-92FE-D098651D2565}.Debug|x86.ActiveCfg = Debug|Any CPU
		{D88209ED-696D-450F-92FE-D098651D2565}.Debug|x86.Build.0 = Debug|Any CPU
		{D88209ED-696D-450F-92FE-D098651D2565}.Release|Any CPU.ActiveCfg = Release|Any CPU
		{D88209ED-696D-450F-92FE-D098651D2565}.Release|Any CPU.Build.0 = Release|Any CPU
		{D88209ED-696D-450F-92FE-D098651D2565}.Release|ARM.ActiveCfg = Release|Any CPU
		{D88209ED-696D-450F-92FE-D098651D2565}.Release|ARM.Build.0 = Release|Any CPU
		{D88209ED-696D-450F-92FE-D098651D2565}.Release|x64.ActiveCfg = Release|Any CPU
		{D88209ED-696D-450F-92FE-D098651D2565}.Release|x64.Build.0 = Release|Any CPU
		{D88209ED-696D-450F-92FE-D098651D2565}.Release|x86.ActiveCfg = Release|Any CPU
		{D88209ED-696D-450F-92FE-D098651D2565}.Release|x86.Build.0 = Release|Any CPU
		{D88209ED-696D-450F-92FE-D098651D2565}.ReleaseBinaries|Any CPU.ActiveCfg = Release|Any CPU
		{D88209ED-696D-450F-92FE-D098651D2565}.ReleaseBinaries|Any CPU.Build.0 = Release|Any CPU
		{D88209ED-696D-450F-92FE-D098651D2565}.ReleaseBinaries|ARM.ActiveCfg = Release|Any CPU
		{D88209ED-696D-450F-92FE-D098651D2565}.ReleaseBinaries|ARM.Build.0 = Release|Any CPU
		{D88209ED-696D-450F-92FE-D098651D2565}.ReleaseBinaries|x64.ActiveCfg = Release|Any CPU
		{D88209ED-696D-450F-92FE-D098651D2565}.ReleaseBinaries|x64.Build.0 = Release|Any CPU
		{D88209ED-696D-450F-92FE-D098651D2565}.ReleaseBinaries|x86.ActiveCfg = Release|Any CPU
		{D88209ED-696D-450F-92FE-D098651D2565}.ReleaseBinaries|x86.Build.0 = Release|Any CPU
		{37097081-DEC8-4AB9-B8F7-0509215D103A}.Debug|Any CPU.ActiveCfg = Debug|Any CPU
		{37097081-DEC8-4AB9-B8F7-0509215D103A}.Debug|Any CPU.Build.0 = Debug|Any CPU
		{37097081-DEC8-4AB9-B8F7-0509215D103A}.Debug|ARM.ActiveCfg = Debug|Any CPU
		{37097081-DEC8-4AB9-B8F7-0509215D103A}.Debug|ARM.Build.0 = Debug|Any CPU
		{37097081-DEC8-4AB9-B8F7-0509215D103A}.Debug|x64.ActiveCfg = Debug|Any CPU
		{37097081-DEC8-4AB9-B8F7-0509215D103A}.Debug|x64.Build.0 = Debug|Any CPU
		{37097081-DEC8-4AB9-B8F7-0509215D103A}.Debug|x86.ActiveCfg = Debug|Any CPU
		{37097081-DEC8-4AB9-B8F7-0509215D103A}.Debug|x86.Build.0 = Debug|Any CPU
		{37097081-DEC8-4AB9-B8F7-0509215D103A}.Release|Any CPU.ActiveCfg = Release|Any CPU
		{37097081-DEC8-4AB9-B8F7-0509215D103A}.Release|Any CPU.Build.0 = Release|Any CPU
		{37097081-DEC8-4AB9-B8F7-0509215D103A}.Release|ARM.ActiveCfg = Release|Any CPU
		{37097081-DEC8-4AB9-B8F7-0509215D103A}.Release|ARM.Build.0 = Release|Any CPU
		{37097081-DEC8-4AB9-B8F7-0509215D103A}.Release|x64.ActiveCfg = Release|Any CPU
		{37097081-DEC8-4AB9-B8F7-0509215D103A}.Release|x64.Build.0 = Release|Any CPU
		{37097081-DEC8-4AB9-B8F7-0509215D103A}.Release|x86.ActiveCfg = Release|Any CPU
		{37097081-DEC8-4AB9-B8F7-0509215D103A}.Release|x86.Build.0 = Release|Any CPU
		{37097081-DEC8-4AB9-B8F7-0509215D103A}.ReleaseBinaries|Any CPU.ActiveCfg = Release|Any CPU
		{37097081-DEC8-4AB9-B8F7-0509215D103A}.ReleaseBinaries|Any CPU.Build.0 = Release|Any CPU
		{37097081-DEC8-4AB9-B8F7-0509215D103A}.ReleaseBinaries|ARM.ActiveCfg = Release|Any CPU
		{37097081-DEC8-4AB9-B8F7-0509215D103A}.ReleaseBinaries|ARM.Build.0 = Release|Any CPU
		{37097081-DEC8-4AB9-B8F7-0509215D103A}.ReleaseBinaries|x64.ActiveCfg = Release|Any CPU
		{37097081-DEC8-4AB9-B8F7-0509215D103A}.ReleaseBinaries|x64.Build.0 = Release|Any CPU
		{37097081-DEC8-4AB9-B8F7-0509215D103A}.ReleaseBinaries|x86.ActiveCfg = Release|Any CPU
		{37097081-DEC8-4AB9-B8F7-0509215D103A}.ReleaseBinaries|x86.Build.0 = Release|Any CPU
		{902BFB53-D205-4A0F-8818-A8636C6DD17E}.Debug|Any CPU.ActiveCfg = Debug|Any CPU
		{902BFB53-D205-4A0F-8818-A8636C6DD17E}.Debug|Any CPU.Build.0 = Debug|Any CPU
		{902BFB53-D205-4A0F-8818-A8636C6DD17E}.Debug|ARM.ActiveCfg = Debug|Any CPU
		{902BFB53-D205-4A0F-8818-A8636C6DD17E}.Debug|ARM.Build.0 = Debug|Any CPU
		{902BFB53-D205-4A0F-8818-A8636C6DD17E}.Debug|x64.ActiveCfg = Debug|Any CPU
		{902BFB53-D205-4A0F-8818-A8636C6DD17E}.Debug|x64.Build.0 = Debug|Any CPU
		{902BFB53-D205-4A0F-8818-A8636C6DD17E}.Debug|x86.ActiveCfg = Debug|Any CPU
		{902BFB53-D205-4A0F-8818-A8636C6DD17E}.Debug|x86.Build.0 = Debug|Any CPU
		{902BFB53-D205-4A0F-8818-A8636C6DD17E}.Release|Any CPU.ActiveCfg = Release|Any CPU
		{902BFB53-D205-4A0F-8818-A8636C6DD17E}.Release|Any CPU.Build.0 = Release|Any CPU
		{902BFB53-D205-4A0F-8818-A8636C6DD17E}.Release|ARM.ActiveCfg = Release|Any CPU
		{902BFB53-D205-4A0F-8818-A8636C6DD17E}.Release|ARM.Build.0 = Release|Any CPU
		{902BFB53-D205-4A0F-8818-A8636C6DD17E}.Release|x64.ActiveCfg = Release|Any CPU
		{902BFB53-D205-4A0F-8818-A8636C6DD17E}.Release|x64.Build.0 = Release|Any CPU
		{902BFB53-D205-4A0F-8818-A8636C6DD17E}.Release|x86.ActiveCfg = Release|Any CPU
		{902BFB53-D205-4A0F-8818-A8636C6DD17E}.Release|x86.Build.0 = Release|Any CPU
		{902BFB53-D205-4A0F-8818-A8636C6DD17E}.ReleaseBinaries|Any CPU.ActiveCfg = Release|Any CPU
		{902BFB53-D205-4A0F-8818-A8636C6DD17E}.ReleaseBinaries|Any CPU.Build.0 = Release|Any CPU
		{902BFB53-D205-4A0F-8818-A8636C6DD17E}.ReleaseBinaries|ARM.ActiveCfg = Release|Any CPU
		{902BFB53-D205-4A0F-8818-A8636C6DD17E}.ReleaseBinaries|ARM.Build.0 = Release|Any CPU
		{902BFB53-D205-4A0F-8818-A8636C6DD17E}.ReleaseBinaries|x64.ActiveCfg = Release|Any CPU
		{902BFB53-D205-4A0F-8818-A8636C6DD17E}.ReleaseBinaries|x64.Build.0 = Release|Any CPU
		{902BFB53-D205-4A0F-8818-A8636C6DD17E}.ReleaseBinaries|x86.ActiveCfg = Release|Any CPU
		{902BFB53-D205-4A0F-8818-A8636C6DD17E}.ReleaseBinaries|x86.Build.0 = Release|Any CPU
		{7213BC64-B5C1-48BB-9F13-5A4A8623D467}.Debug|Any CPU.ActiveCfg = Debug|Any CPU
		{7213BC64-B5C1-48BB-9F13-5A4A8623D467}.Debug|Any CPU.Build.0 = Debug|Any CPU
		{7213BC64-B5C1-48BB-9F13-5A4A8623D467}.Debug|ARM.ActiveCfg = Debug|Any CPU
		{7213BC64-B5C1-48BB-9F13-5A4A8623D467}.Debug|ARM.Build.0 = Debug|Any CPU
		{7213BC64-B5C1-48BB-9F13-5A4A8623D467}.Debug|x64.ActiveCfg = Debug|Any CPU
		{7213BC64-B5C1-48BB-9F13-5A4A8623D467}.Debug|x64.Build.0 = Debug|Any CPU
		{7213BC64-B5C1-48BB-9F13-5A4A8623D467}.Debug|x86.ActiveCfg = Debug|Any CPU
		{7213BC64-B5C1-48BB-9F13-5A4A8623D467}.Debug|x86.Build.0 = Debug|Any CPU
		{7213BC64-B5C1-48BB-9F13-5A4A8623D467}.Release|Any CPU.ActiveCfg = Release|Any CPU
		{7213BC64-B5C1-48BB-9F13-5A4A8623D467}.Release|Any CPU.Build.0 = Release|Any CPU
		{7213BC64-B5C1-48BB-9F13-5A4A8623D467}.Release|ARM.ActiveCfg = Release|Any CPU
		{7213BC64-B5C1-48BB-9F13-5A4A8623D467}.Release|ARM.Build.0 = Release|Any CPU
		{7213BC64-B5C1-48BB-9F13-5A4A8623D467}.Release|x64.ActiveCfg = Release|Any CPU
		{7213BC64-B5C1-48BB-9F13-5A4A8623D467}.Release|x64.Build.0 = Release|Any CPU
		{7213BC64-B5C1-48BB-9F13-5A4A8623D467}.Release|x86.ActiveCfg = Release|Any CPU
		{7213BC64-B5C1-48BB-9F13-5A4A8623D467}.Release|x86.Build.0 = Release|Any CPU
		{7213BC64-B5C1-48BB-9F13-5A4A8623D467}.ReleaseBinaries|Any CPU.ActiveCfg = Release|Any CPU
		{7213BC64-B5C1-48BB-9F13-5A4A8623D467}.ReleaseBinaries|Any CPU.Build.0 = Release|Any CPU
		{7213BC64-B5C1-48BB-9F13-5A4A8623D467}.ReleaseBinaries|ARM.ActiveCfg = Release|Any CPU
		{7213BC64-B5C1-48BB-9F13-5A4A8623D467}.ReleaseBinaries|ARM.Build.0 = Release|Any CPU
		{7213BC64-B5C1-48BB-9F13-5A4A8623D467}.ReleaseBinaries|x64.ActiveCfg = Release|Any CPU
		{7213BC64-B5C1-48BB-9F13-5A4A8623D467}.ReleaseBinaries|x64.Build.0 = Release|Any CPU
		{7213BC64-B5C1-48BB-9F13-5A4A8623D467}.ReleaseBinaries|x86.ActiveCfg = Release|Any CPU
		{7213BC64-B5C1-48BB-9F13-5A4A8623D467}.ReleaseBinaries|x86.Build.0 = Release|Any CPU
		{CB339F56-A0D8-4133-B322-6894DC70FAE6}.Debug|Any CPU.ActiveCfg = Debug|Any CPU
		{CB339F56-A0D8-4133-B322-6894DC70FAE6}.Debug|Any CPU.Build.0 = Debug|Any CPU
		{CB339F56-A0D8-4133-B322-6894DC70FAE6}.Debug|ARM.ActiveCfg = Debug|Any CPU
		{CB339F56-A0D8-4133-B322-6894DC70FAE6}.Debug|ARM.Build.0 = Debug|Any CPU
		{CB339F56-A0D8-4133-B322-6894DC70FAE6}.Debug|x64.ActiveCfg = Debug|Any CPU
		{CB339F56-A0D8-4133-B322-6894DC70FAE6}.Debug|x64.Build.0 = Debug|Any CPU
		{CB339F56-A0D8-4133-B322-6894DC70FAE6}.Debug|x86.ActiveCfg = Debug|Any CPU
		{CB339F56-A0D8-4133-B322-6894DC70FAE6}.Debug|x86.Build.0 = Debug|Any CPU
		{CB339F56-A0D8-4133-B322-6894DC70FAE6}.Release|Any CPU.ActiveCfg = Release|Any CPU
		{CB339F56-A0D8-4133-B322-6894DC70FAE6}.Release|Any CPU.Build.0 = Release|Any CPU
		{CB339F56-A0D8-4133-B322-6894DC70FAE6}.Release|ARM.ActiveCfg = Release|Any CPU
		{CB339F56-A0D8-4133-B322-6894DC70FAE6}.Release|ARM.Build.0 = Release|Any CPU
		{CB339F56-A0D8-4133-B322-6894DC70FAE6}.Release|x64.ActiveCfg = Release|Any CPU
		{CB339F56-A0D8-4133-B322-6894DC70FAE6}.Release|x64.Build.0 = Release|Any CPU
		{CB339F56-A0D8-4133-B322-6894DC70FAE6}.Release|x86.ActiveCfg = Release|Any CPU
		{CB339F56-A0D8-4133-B322-6894DC70FAE6}.Release|x86.Build.0 = Release|Any CPU
		{CB339F56-A0D8-4133-B322-6894DC70FAE6}.ReleaseBinaries|Any CPU.ActiveCfg = Release|Any CPU
		{CB339F56-A0D8-4133-B322-6894DC70FAE6}.ReleaseBinaries|Any CPU.Build.0 = Release|Any CPU
		{CB339F56-A0D8-4133-B322-6894DC70FAE6}.ReleaseBinaries|ARM.ActiveCfg = Release|Any CPU
		{CB339F56-A0D8-4133-B322-6894DC70FAE6}.ReleaseBinaries|ARM.Build.0 = Release|Any CPU
		{CB339F56-A0D8-4133-B322-6894DC70FAE6}.ReleaseBinaries|x64.ActiveCfg = Release|Any CPU
		{CB339F56-A0D8-4133-B322-6894DC70FAE6}.ReleaseBinaries|x64.Build.0 = Release|Any CPU
		{CB339F56-A0D8-4133-B322-6894DC70FAE6}.ReleaseBinaries|x86.ActiveCfg = Release|Any CPU
		{CB339F56-A0D8-4133-B322-6894DC70FAE6}.ReleaseBinaries|x86.Build.0 = Release|Any CPU
	EndGlobalSection
	GlobalSection(SolutionProperties) = preSolution
		HideSolutionNode = FALSE
	EndGlobalSection
	GlobalSection(NestedProjects) = preSolution
		{B9238166-0CEC-45F2-AFA2-CAA8F7EBA067} = {5AB56772-AA33-481C-8CD6-A8D16C0C16C2}
		{52F89731-C80A-4D0D-ADA2-8C65F1A8997F} = {8CA26109-56B3-420E-A1B6-0A2D22FF619F}
		{304D6DB3-D47E-40D1-9AAC-2B33AC82B44D} = {BDE6F8E2-9F7F-4ADF-8972-4589485E3FCB}
		{F0E2D22B-D913-422F-B409-A9A8611CB0D3} = {BDE6F8E2-9F7F-4ADF-8972-4589485E3FCB}
		{BE0C36C2-6D4A-4F48-B91A-36CC75707984} = {5AB56772-AA33-481C-8CD6-A8D16C0C16C2}
		{8CA26109-56B3-420E-A1B6-0A2D22FF619F} = {BE0C36C2-6D4A-4F48-B91A-36CC75707984}
		{D88209ED-696D-450F-92FE-D098651D2565} = {8CA26109-56B3-420E-A1B6-0A2D22FF619F}
		{7213BC64-B5C1-48BB-9F13-5A4A8623D467} = {8CA26109-56B3-420E-A1B6-0A2D22FF619F}
	EndGlobalSection
	GlobalSection(ExtensibilityGlobals) = postSolution
		SolutionGuid = {59A703E3-F9FA-4E67-98D2-514511B4105C}
	EndGlobalSection
	GlobalSection(Performance) = preSolution
		HasPerformanceSessions = true
	EndGlobalSection
	GlobalSection(Performance) = preSolution
		HasPerformanceSessions = true
	EndGlobalSection
EndGlobal
