
Microsoft Visual Studio Solution File, Format Version 12.00
# Visual Studio 2012
Project("{FAE04EC0-301F-11D3-BF4B-00C04F79EFBC}") = "WebDAVSharp.Server", "WebDAVSharp.Server.csproj", "{BE8A04DD-C704-40B2-8AD2-3655B429FAE1}"
EndProject
Global
	GlobalSection(SolutionConfigurationPlatforms) = preSolution
		Debug|Any CPU = Debug|Any CPU
		Release|Any CPU = Release|Any CPU
		ReleaseBinaries|Any CPU = ReleaseBinaries|Any CPU
	EndGlobalSection
	GlobalSection(ProjectConfigurationPlatforms) = postSolution
		{BE8A04DD-C704-40B2-8AD2-3655B429FAE1}.Debug|Any CPU.ActiveCfg = Debug|Any CPU
		{BE8A04DD-C704-40B2-8AD2-3655B429FAE1}.Debug|Any CPU.Build.0 = Debug|Any CPU
		{BE8A04DD-C704-40B2-8AD2-3655B429FAE1}.Release|Any CPU.ActiveCfg = Release|Any CPU
		{BE8A04DD-C704-40B2-8AD2-3655B429FAE1}.Release|Any CPU.Build.0 = Release|Any CPU
		{BE8A04DD-C704-40B2-8AD2-3655B429FAE1}.ReleaseBinaries|Any CPU.ActiveCfg = ReleaseBinaries|Any CPU
		{BE8A04DD-C704-40B2-8AD2-3655B429FAE1}.ReleaseBinaries|Any CPU.Build.0 = ReleaseBinaries|Any CPU
	EndGlobalSection
	GlobalSection(SolutionProperties) = preSolution
		HideSolutionNode = FALSE
	EndGlobalSection
EndGlobal
